# This file was autogenerated by Stack.
# You should not edit this file by hand.
# For more information, please see the documentation at:
#   https://docs.haskellstack.org/en/stable/lock_files

packages: []
snapshots:
- completed:
    size: 503886
    url: https://raw.githubusercontent.com/commercialhaskell/stackage-snapshots/master/nightly/2020/3/21.yaml
    sha256: c58f3560a333e9055a4c9a686d2ec9e7c957010d52ea4163cd38b09a110ddc4f
  original: nightly-2020-03-21
