
Microsoft Visual Studio Solution File, Format Version 12.00
# Visual Studio 15
VisualStudioVersion = 15.0.26124.0
MinimumVisualStudioVersion = 15.0.26124.0
Project("{2150E333-8FDC-42A3-9474-1A3956D46DE8}") = "src", "src", "{2E4C19C8-5957-4596-BBAB-0865B514D084}"
EndProject
Project("{F2A71F9B-5D33-465A-A702-920D77279786}") = "Feblr.Cache.Core", "src\Feblr.Cache.Core\Feblr.Cache.Core.fsproj", "{24586550-6EDA-45F3-A688-0C8809574F09}"
EndProject
Project("{F2A71F9B-5D33-465A-A702-920D77279786}") = "Feblr.Cache.Server", "src\Feblr.Cache.Server\Feblr.Cache.Server.fsproj", "{7B22BC2E-D5E3-4ECC-8DD2-A0AB61056C72}"
EndProject
Global
	GlobalSection(SolutionConfigurationPlatforms) = preSolution
		Debug|Any CPU = Debug|Any CPU
		Debug|x64 = Debug|x64
		Debug|x86 = Debug|x86
		Release|Any CPU = Release|Any CPU
		Release|x64 = Release|x64
		Release|x86 = Release|x86
	EndGlobalSection
	GlobalSection(SolutionProperties) = preSolution
		HideSolutionNode = FALSE
	EndGlobalSection
	GlobalSection(ProjectConfigurationPlatforms) = postSolution
		{24586550-6EDA-45F3-A688-0C8809574F09}.Debug|Any CPU.ActiveCfg = Debug|Any CPU
		{24586550-6EDA-45F3-A688-0C8809574F09}.Debug|Any CPU.Build.0 = Debug|Any CPU
		{24586550-6EDA-45F3-A688-0C8809574F09}.Debug|x64.ActiveCfg = Debug|Any CPU
		{24586550-6EDA-45F3-A688-0C8809574F09}.Debug|x64.Build.0 = Debug|Any CPU
		{24586550-6EDA-45F3-A688-0C8809574F09}.Debug|x86.ActiveCfg = Debug|Any CPU
		{24586550-6EDA-45F3-A688-0C8809574F09}.Debug|x86.Build.0 = Debug|Any CPU
		{24586550-6EDA-45F3-A688-0C8809574F09}.Release|Any CPU.ActiveCfg = Release|Any CPU
		{24586550-6EDA-45F3-A688-0C8809574F09}.Release|Any CPU.Build.0 = Release|Any CPU
		{24586550-6EDA-45F3-A688-0C8809574F09}.Release|x64.ActiveCfg = Release|Any CPU
		{24586550-6EDA-45F3-A688-0C8809574F09}.Release|x64.Build.0 = Release|Any CPU
		{24586550-6EDA-45F3-A688-0C8809574F09}.Release|x86.ActiveCfg = Release|Any CPU
		{24586550-6EDA-45F3-A688-0C8809574F09}.Release|x86.Build.0 = Release|Any CPU
		{7B22BC2E-D5E3-4ECC-8DD2-A0AB61056C72}.Debug|Any CPU.ActiveCfg = Debug|Any CPU
		{7B22BC2E-D5E3-4ECC-8DD2-A0AB61056C72}.Debug|Any CPU.Build.0 = Debug|Any CPU
		{7B22BC2E-D5E3-4ECC-8DD2-A0AB61056C72}.Debug|x64.ActiveCfg = Debug|Any CPU
		{7B22BC2E-D5E3-4ECC-8DD2-A0AB61056C72}.Debug|x64.Build.0 = Debug|Any CPU
		{7B22BC2E-D5E3-4ECC-8DD2-A0AB61056C72}.Debug|x86.ActiveCfg = Debug|Any CPU
		{7B22BC2E-D5E3-4ECC-8DD2-A0AB61056C72}.Debug|x86.Build.0 = Debug|Any CPU
		{7B22BC2E-D5E3-4ECC-8DD2-A0AB61056C72}.Release|Any CPU.ActiveCfg = Release|Any CPU
		{7B22BC2E-D5E3-4ECC-8DD2-A0AB61056C72}.Release|Any CPU.Build.0 = Release|Any CPU
		{7B22BC2E-D5E3-4ECC-8DD2-A0AB61056C72}.Release|x64.ActiveCfg = Release|Any CPU
		{7B22BC2E-D5E3-4ECC-8DD2-A0AB61056C72}.Release|x64.Build.0 = Release|Any CPU
		{7B22BC2E-D5E3-4ECC-8DD2-A0AB61056C72}.Release|x86.ActiveCfg = Release|Any CPU
		{7B22BC2E-D5E3-4ECC-8DD2-A0AB61056C72}.Release|x86.Build.0 = Release|Any CPU
	EndGlobalSection
	GlobalSection(NestedProjects) = preSolution
		{24586550-6EDA-45F3-A688-0C8809574F09} = {2E4C19C8-5957-4596-BBAB-0865B514D084}
		{7B22BC2E-D5E3-4ECC-8DD2-A0AB61056C72} = {2E4C19C8-5957-4596-BBAB-0865B514D084}
	EndGlobalSection
EndGlobal
